
Microsoft Visual Studio Solution File, Format Version 12.00
# Visual Studio 15
VisualStudioVersion = 15.0.28307.168
MinimumVisualStudioVersion = 10.0.40219.1
Project("{8BC9CEB8-8B4A-11D0-8D11-00A0C91BC942}") = "Project3", "Project3.vcxproj", "{AB2BF995-B811-4D37-BC47-7C37A02A799F}"
EndProject
Global
	GlobalSection(SolutionConfigurationPlatforms) = preSolution
		Debug|x64 = Debug|x64
		Debug|x86 = Debug|x86
		Release|x64 = Release|x64
		Release|x86 = Release|x86
	EndGlobalSection
	GlobalSection(ProjectConfigurationPlatforms) = postSolution
		{AB2BF995-B811-4D37-BC47-7C37A02A799F}.Debug|x64.ActiveCfg = Debug|x64
		{AB2BF995-B811-4D37-BC47-7C37A02A799F}.Debug|x64.Build.0 = Debug|x64
		{AB2BF995-B811-4D37-BC47-7C37A02A799F}.Debug|x86.ActiveCfg = Debug|Win32
		{AB2BF995-B811-4D37-BC47-7C37A02A799F}.Debug|x86.Build.0 = Debug|Win32
		{AB2BF995-B811-4D37-BC47-7C37A02A799F}.Release|x64.ActiveCfg = Release|x64
		{AB2BF995-B811-4D37-BC47-7C37A02A799F}.Release|x64.Build.0 = Release|x64
		{AB2BF995-B811-4D37-BC47-7C37A02A799F}.Release|x86.ActiveCfg = Release|Win32
		{AB2BF995-B811-4D37-BC47-7C37A02A799F}.Release|x86.Build.0 = Release|Win32
	EndGlobalSection
	GlobalSection(SolutionProperties) = preSolution
		HideSolutionNode = FALSE
	EndGlobalSection
	GlobalSection(ExtensibilityGlobals) = postSolution
		SolutionGuid = {B674BA42-A36F-4B14-B164-FEC00633B84B}
	EndGlobalSection
EndGlobal
